
Microsoft Visual Studio Solution File, Format Version 12.00
# Visual Studio Version 16
VisualStudioVersion = 16.0.35325.158
MinimumVisualStudioVersion = 10.0.40219.1
Project("{FAE04EC0-301F-11D3-BF4B-00C04F79EFBC}") = "bootstrap", "bootstrap\bootstrap.csproj", "{61FD9E64-3EC0-4B37-B282-7065665FA334}"
EndProject
Global
	GlobalSection(SolutionConfigurationPlatforms) = preSolution
		Debug|Any CPU = Debug|Any CPU
		Release|Any CPU = Release|Any CPU
	EndGlobalSection
	GlobalSection(ProjectConfigurationPlatforms) = postSolution
		{61FD9E64-3EC0-4B37-B282-7065665FA334}.Debug|Any CPU.ActiveCfg = Debug|Any CPU
		{61FD9E64-3EC0-4B37-B282-7065665FA334}.Debug|Any CPU.Build.0 = Debug|Any CPU
		{61FD9E64-3EC0-4B37-B282-7065665FA334}.Release|Any CPU.ActiveCfg = Release|Any CPU
		{61FD9E64-3EC0-4B37-B282-7065665FA334}.Release|Any CPU.Build.0 = Release|Any CPU
	EndGlobalSection
	GlobalSection(SolutionProperties) = preSolution
		HideSolutionNode = FALSE
	EndGlobalSection
	GlobalSection(ExtensibilityGlobals) = postSolution
		SolutionGuid = {809FB0F1-C110-4920-80BE-8213D1E87735}
	EndGlobalSection
EndGlobal
